
Microsoft Visual Studio Solution File, Format Version 12.00
# Visual Studio 14
VisualStudioVersion = 14.0.25123.0
MinimumVisualStudioVersion = 10.0.40219.1
Project("{8BB2217D-0F2D-49D1-97BC-3654ED321F3B}") = "LoyaltyProgram", "LoyaltyProgram\LoyaltyProgram.xproj", "{4BED3C45-E8C3-4345-A08F-249A39A256EB}"
EndProject
Project("{8BB2217D-0F2D-49D1-97BC-3654ED321F3B}") = "ApiGatewayMock", "ApiGatewayMock\ApiGatewayMock.xproj", "{FE109A02-BF1B-46FC-87C8-2A68781CE8A4}"
EndProject
Project("{8BB2217D-0F2D-49D1-97BC-3654ED321F3B}") = "Login", "Login\Login.xproj", "{F416D0B1-71EE-400E-91E2-FC2B047DA208}"
EndProject
Global
	GlobalSection(SolutionConfigurationPlatforms) = preSolution
		Debug|Any CPU = Debug|Any CPU
		Release|Any CPU = Release|Any CPU
	EndGlobalSection
	GlobalSection(ProjectConfigurationPlatforms) = postSolution
		{4BED3C45-E8C3-4345-A08F-249A39A256EB}.Debug|Any CPU.ActiveCfg = Debug|Any CPU
		{4BED3C45-E8C3-4345-A08F-249A39A256EB}.Debug|Any CPU.Build.0 = Debug|Any CPU
		{4BED3C45-E8C3-4345-A08F-249A39A256EB}.Release|Any CPU.ActiveCfg = Release|Any CPU
		{4BED3C45-E8C3-4345-A08F-249A39A256EB}.Release|Any CPU.Build.0 = Release|Any CPU
		{FE109A02-BF1B-46FC-87C8-2A68781CE8A4}.Debug|Any CPU.ActiveCfg = Debug|Any CPU
		{FE109A02-BF1B-46FC-87C8-2A68781CE8A4}.Debug|Any CPU.Build.0 = Debug|Any CPU
		{FE109A02-BF1B-46FC-87C8-2A68781CE8A4}.Release|Any CPU.ActiveCfg = Release|Any CPU
		{FE109A02-BF1B-46FC-87C8-2A68781CE8A4}.Release|Any CPU.Build.0 = Release|Any CPU
		{F416D0B1-71EE-400E-91E2-FC2B047DA208}.Debug|Any CPU.ActiveCfg = Debug|Any CPU
		{F416D0B1-71EE-400E-91E2-FC2B047DA208}.Debug|Any CPU.Build.0 = Debug|Any CPU
		{F416D0B1-71EE-400E-91E2-FC2B047DA208}.Release|Any CPU.ActiveCfg = Release|Any CPU
		{F416D0B1-71EE-400E-91E2-FC2B047DA208}.Release|Any CPU.Build.0 = Release|Any CPU
	EndGlobalSection
	GlobalSection(SolutionProperties) = preSolution
		HideSolutionNode = FALSE
	EndGlobalSection
EndGlobal
