
Microsoft Visual Studio Solution File, Format Version 12.00
# Visual Studio 15
VisualStudioVersion = 15.0.26114.2
MinimumVisualStudioVersion = 10.0.40219.1
Project("{FAE04EC0-301F-11D3-BF4B-00C04F79EFBC}") = "LoyaltyProgramEventConsumer", "LoyaltyProgramEventConsumer\LoyaltyProgramEventConsumer.csproj", "{47349717-585A-43EE-96E8-7D5249CB431D}"
EndProject
Project("{FAE04EC0-301F-11D3-BF4B-00C04F79EFBC}") = "LoyaltyProgramUnitTests", "LoyaltyProgramUnitTests\LoyaltyProgramUnitTests.csproj", "{DF4D91A9-C2B2-47A1-B3F5-74D3A03E7AAF}"
EndProject
Project("{FAE04EC0-301F-11D3-BF4B-00C04F79EFBC}") = "LoyaltyProgramIntegrationTest", "LoyaltyProgramIntegrationTest\LoyaltyProgramIntegrationTest.csproj", "{4ADB7532-5BBB-4A6F-9044-6095427DB0E6}"
EndProject
Project("{FAE04EC0-301F-11D3-BF4B-00C04F79EFBC}") = "LoyaltyProgram", "LoyaltyProgram\LoyaltyProgram.csproj", "{D9DDC626-C6F4-4A0D-B5C3-DAD28E6984EA}"
EndProject
Global
	GlobalSection(SolutionConfigurationPlatforms) = preSolution
		Debug|Any CPU = Debug|Any CPU
		Release|Any CPU = Release|Any CPU
		Debug|x64 = Debug|x64
		Debug|x86 = Debug|x86
		Release|x64 = Release|x64
		Release|x86 = Release|x86
	EndGlobalSection
	GlobalSection(ProjectConfigurationPlatforms) = postSolution
		{87C7C329-1824-4AC7-AF25-3D06068A01F6}.Debug|Any CPU.ActiveCfg = Debug|Any CPU
		{87C7C329-1824-4AC7-AF25-3D06068A01F6}.Debug|Any CPU.Build.0 = Debug|Any CPU
		{87C7C329-1824-4AC7-AF25-3D06068A01F6}.Release|Any CPU.ActiveCfg = Release|Any CPU
		{87C7C329-1824-4AC7-AF25-3D06068A01F6}.Release|Any CPU.Build.0 = Release|Any CPU
		{47349717-585A-43EE-96E8-7D5249CB431D}.Debug|Any CPU.ActiveCfg = Debug|Any CPU
		{47349717-585A-43EE-96E8-7D5249CB431D}.Debug|Any CPU.Build.0 = Debug|Any CPU
		{47349717-585A-43EE-96E8-7D5249CB431D}.Release|Any CPU.ActiveCfg = Release|Any CPU
		{47349717-585A-43EE-96E8-7D5249CB431D}.Release|Any CPU.Build.0 = Release|Any CPU
		{DF4D91A9-C2B2-47A1-B3F5-74D3A03E7AAF}.Debug|Any CPU.ActiveCfg = Debug|Any CPU
		{DF4D91A9-C2B2-47A1-B3F5-74D3A03E7AAF}.Debug|Any CPU.Build.0 = Debug|Any CPU
		{DF4D91A9-C2B2-47A1-B3F5-74D3A03E7AAF}.Release|Any CPU.ActiveCfg = Release|Any CPU
		{DF4D91A9-C2B2-47A1-B3F5-74D3A03E7AAF}.Release|Any CPU.Build.0 = Release|Any CPU
		{4ADB7532-5BBB-4A6F-9044-6095427DB0E6}.Debug|Any CPU.ActiveCfg = Debug|Any CPU
		{4ADB7532-5BBB-4A6F-9044-6095427DB0E6}.Debug|Any CPU.Build.0 = Debug|Any CPU
		{4ADB7532-5BBB-4A6F-9044-6095427DB0E6}.Release|Any CPU.ActiveCfg = Release|Any CPU
		{4ADB7532-5BBB-4A6F-9044-6095427DB0E6}.Release|Any CPU.Build.0 = Release|Any CPU
		{D9DDC626-C6F4-4A0D-B5C3-DAD28E6984EA}.Debug|Any CPU.ActiveCfg = Debug|Any CPU
		{D9DDC626-C6F4-4A0D-B5C3-DAD28E6984EA}.Debug|Any CPU.Build.0 = Debug|Any CPU
		{D9DDC626-C6F4-4A0D-B5C3-DAD28E6984EA}.Debug|x64.ActiveCfg = Debug|x64
		{D9DDC626-C6F4-4A0D-B5C3-DAD28E6984EA}.Debug|x64.Build.0 = Debug|x64
		{D9DDC626-C6F4-4A0D-B5C3-DAD28E6984EA}.Debug|x86.ActiveCfg = Debug|x86
		{D9DDC626-C6F4-4A0D-B5C3-DAD28E6984EA}.Debug|x86.Build.0 = Debug|x86
		{D9DDC626-C6F4-4A0D-B5C3-DAD28E6984EA}.Release|Any CPU.ActiveCfg = Release|Any CPU
		{D9DDC626-C6F4-4A0D-B5C3-DAD28E6984EA}.Release|Any CPU.Build.0 = Release|Any CPU
		{D9DDC626-C6F4-4A0D-B5C3-DAD28E6984EA}.Release|x64.ActiveCfg = Release|x64
		{D9DDC626-C6F4-4A0D-B5C3-DAD28E6984EA}.Release|x64.Build.0 = Release|x64
		{D9DDC626-C6F4-4A0D-B5C3-DAD28E6984EA}.Release|x86.ActiveCfg = Release|x86
		{D9DDC626-C6F4-4A0D-B5C3-DAD28E6984EA}.Release|x86.Build.0 = Release|x86
	EndGlobalSection
	GlobalSection(SolutionProperties) = preSolution
		HideSolutionNode = FALSE
	EndGlobalSection
EndGlobal
